{
  "version": 4,
  "terraform_version": "1.11.0",
  "serial": 27,
  "lineage": "6fe987e8-8c36-3869-3c3e-0f507321b9ca",
  "outputs": {},
  "resources": [
    {
      "mode": "managed",
      "type": "docker_image",
      "name": "jenkins_agent",
      "provider": "provider[\"registry.terraform.io/kreuzwerker/docker\"]",
      "instances": [
        {
          "schema_version": 0,
          "attributes": {
            "build": [],
            "force_remove": null,
            "id": "sha256:92fcdad4f5dda6e89a8b0438b1c7798e3f9bb491c79e8d9a6165e1f09e18e105my-jenkins-agent:latest",
            "image_id": "sha256:92fcdad4f5dda6e89a8b0438b1c7798e3f9bb491c79e8d9a6165e1f09e18e105",
            "keep_locally": true,
            "name": "my-jenkins-agent:latest",
            "platform": null,
            "pull_triggers": null,
            "repo_digest": "",
            "triggers": null
          },
          "sensitive_attributes": [],
          "private": "bnVsbA=="
        }
      ]
    }
  ],
  "check_results": null
}
